// !$*UTF8*$!
{
	archiveVersion = 1;
	classes = {
	};
	objectVersion = 46;
	objects = {

/* Begin PBXBuildFile section */
		C42FD0A41D865D250057E87A /* AppDelegate.swift in Sources */ = {isa = PBXBuildFile; fileRef = C42FD0A31D865D250057E87A /* AppDelegate.swift */; };
		C42FD0A61D865D250057E87A /* ViewController.swift in Sources */ = {isa = PBXBuildFile; fileRef = C42FD0A51D865D250057E87A /* ViewController.swift */; };
		C42FD0A91D865D250057E87A /* Main.storyboard in Resources */ = {isa = PBXBuildFile; fileRef = C42FD0A71D865D250057E87A /* Main.storyboard */; };
		C42FD0AC1D865D250057E87A /* Soundboard.xcdatamodeld in Sources */ = {isa = PBXBuildFile; fileRef = C42FD0AA1D865D250057E87A /* Soundboard.xcdatamodeld */; };
		C42FD0AE1D865D250057E87A /* Assets.xcassets in Resources */ = {isa = PBXBuildFile; fileRef = C42FD0AD1D865D250057E87A /* Assets.xcassets */; };
		C42FD0B11D865D250057E87A /* LaunchScreen.storyboard in Resources */ = {isa = PBXBuildFile; fileRef = C42FD0AF1D865D250057E87A /* LaunchScreen.storyboard */; };
/* End PBXBuildFile section */

/* Begin PBXFileReference section */
		C42FD0A01D865D250057E87A /* Soundboard.app */ = {isa = PBXFileReference; explicitFileType = wrapper.application; includeInIndex = 0; path = Soundboard.app; sourceTree = BUILT_PRODUCTS_DIR; };
		C42FD0A31D865D250057E87A /* AppDelegate.swift */ = {isa = PBXFileReference; lastKnownFileType = sourcecode.swift; path = AppDelegate.swift; sourceTree = "<group>"; };
		C42FD0A51D865D250057E87A /* ViewController.swift */ = {isa = PBXFileReference; lastKnownFileType = sourcecode.swift; path = ViewController.swift; sourceTree = "<group>"; };
		C42FD0A81D865D250057E87A /* Base */ = {isa = PBXFileReference; lastKnownFileType = file.storyboard; name = Base; path = Base.lproj/Main.storyboard; sourceTree = "<group>"; };
		C42FD0AB1D865D250057E87A /* Soundboard.xcdatamodel */ = {isa = PBXFileReference; lastKnownFileType = wrapper.xcdatamodel; path = Soundboard.xcdatamodel; sourceTree = "<group>"; };
		C42FD0AD1D865D250057E87A /* Assets.xcassets */ = {isa = PBXFileReference; lastKnownFileType = folder.assetcatalog; path = Assets.xcassets; sourceTree = "<group>"; };
		C42FD0B01D865D250057E87A /* Base */ = {isa = PBXFileReference; lastKnownFileType = file.storyboard; name = Base; path = Base.lproj/LaunchScreen.storyboard; sourceTree = "<group>"; };
		C42FD0B21D865D250057E87A /* Info.plist */ = {isa = PBXFileReference; lastKnownFileType = text.plist.xml; path = Info.plist; sourceTree = "<group>"; };
/* End PBXFileReference section */

/* Begin PBXFrameworksBuildPhase section */
		C42FD09D1D865D250057E87A /* Frameworks */ = {
			isa = PBXFrameworksBuildPhase;
			buildActionMask = 2147483647;
			files = (
			);
			runOnlyForDeploymentPostprocessing = 0;
		};
/* End PBXFrameworksBuildPhase section */

/* Begin PBXGroup section */
		C42FD0971D865D250057E87A = {
			isa = PBXGroup;
			children = (
				C42FD0A21D865D250057E87A /* Soundboard */,
				C42FD0A11D865D250057E87A /* Products */,
			);
			sourceTree = "<group>";
		};
		C42FD0A11D865D250057E87A /* Products */ = {
			isa = PBXGroup;
			children = (
				C42FD0A01D865D250057E87A /* Soundboard.app */,
			);
			name = Products;
			sourceTree = "<group>";
		};
		C42FD0A21D865D250057E87A /* Soundboard */ = {
			isa = PBXGroup;
			children = (
				C42FD0A31D865D250057E87A /* AppDelegate.swift */,
				C42FD0A51D865D250057E87A /* ViewController.swift */,
				C42FD0A71D865D250057E87A /* Main.storyboard */,
				C42FD0AD1D865D250057E87A /* Assets.xcassets */,
				C42FD0AF1D865D250057E87A /* LaunchScreen.storyboard */,
				C42FD0B21D865D250057E87A /* Info.plist */,
				C42FD0AA1D865D250057E87A /* Soundboard.xcdatamodeld */,
			);
			path = Soundboard;
			sourceTree = "<group>";
		};
/* End PBXGroup section */

/* Begin PBXNativeTarget section */
		C42FD09F1D865D250057E87A /* Soundboard */ = {
			isa = PBXNativeTarget;
			buildConfigurationList = C42FD0B51D865D250057E87A /* Build configuration list for PBXNativeTarget "Soundboard" */;
			buildPhases = (
				C42FD09C1D865D250057E87A /* Sources */,
				C42FD09D1D865D250057E87A /* Frameworks */,
				C42FD09E1D865D250057E87A /* Resources */,
			);
			buildRules = (
			);
			dependencies = (
			);
			name = Soundboard;
			productName = Soundboard;
			productReference = C42FD0A01D865D250057E87A /* Soundboard.app */;
			productType = "com.apple.product-type.application";
		};
/* End PBXNativeTarget section */

/* Begin PBXProject section */
		C42FD0981D865D250057E87A /* Project object */ = {
			isa = PBXProject;
			attributes = {
				LastSwiftUpdateCheck = 0800;
				LastUpgradeCheck = 0800;
				ORGANIZATIONNAME = "Dumb Blonde Software";
				TargetAttributes = {
					C42FD09F1D865D250057E87A = {
						CreatedOnToolsVersion = 8.0;
						DevelopmentTeam = K8633K44E8;
						ProvisioningStyle = Automatic;
					};
				};
			};
			buildConfigurationList = C42FD09B1D865D250057E87A /* Build configuration list for PBXProject "Soundboard" */;
			compatibilityVersion = "Xcode 3.2";
			developmentRegion = English;
			hasScannedForEncodings = 0;
			knownRegions = (
				en,
				Base,
			);
			mainGroup = C42FD0971D865D250057E87A;
			productRefGroup = C42FD0A11D865D250057E87A /* Products */;
			projectDirPath = "";
			projectRoot = "";
			targets = (
				C42FD09F1D865D250057E87A /* Soundboard */,
			);
		};
/* End PBXProject section */

/* Begin PBXResourcesBuildPhase section */
		C42FD09E1D865D250057E87A /* Resources */ = {
			isa = PBXResourcesBuildPhase;
			buildActionMask = 2147483647;
			files = (
				C42FD0B11D865D250057E87A /* LaunchScreen.storyboard in Resources */,
				C42FD0AE1D865D250057E87A /* Assets.xcassets in Resources */,
				C42FD0A91D865D250057E87A /* Main.storyboard in Resources */,
			);
			runOnlyForDeploymentPostprocessing = 0;
		};
/* End PBXResourcesBuildPhase section */

/* Begin PBXSourcesBuildPhase section */
		C42FD09C1D865D250057E87A /* Sources */ = {
			isa = PBXSourcesBuildPhase;
			buildActionMask = 2147483647;
			files = (
				C42FD0A61D865D250057E87A /* ViewController.swift in Sources */,
				C42FD0AC1D865D250057E87A /* Soundboard.xcdatamodeld in Sources */,
				C42FD0A41D865D250057E87A /* AppDelegate.swift in Sources */,
			);
			runOnlyForDeploymentPostprocessing = 0;
		};
/* End PBXSourcesBuildPhase section */

/* Begin PBXVariantGroup section */
		C42FD0A71D865D250057E87A /* Main.storyboard */ = {
			isa = PBXVariantGroup;
			children = (
				C42FD0A81D865D250057E87A /* Base */,
			);
			name = Main.storyboard;
			sourceTree = "<group>";
		};
		C42FD0AF1D865D250057E87A /* LaunchScreen.storyboard */ = {
			isa = PBXVariantGroup;
			children = (
				C42FD0B01D865D250057E87A /* Base */,
			);
			name = LaunchScreen.storyboard;
			sourceTree = "<group>";
		};
/* End PBXVariantGroup section */

/* Begin XCBuildConfiguration section */
		C42FD0B31D865D250057E87A /* Debug */ = {
			isa = XCBuildConfiguration;
			buildSettings = {
				ALWAYS_SEARCH_USER_PATHS = NO;
				CLANG_ANALYZER_NONNULL = YES;
				CLANG_CXX_LANGUAGE_STANDARD = "gnu++0x";
				CLANG_CXX_LIBRARY = "libc++";
				CLANG_ENABLE_MODULES = YES;
				CLANG_ENABLE_OBJC_ARC = YES;
				CLANG_WARN_BOOL_CONVERSION = YES;
				CLANG_WARN_CONSTANT_CONVERSION = YES;
				CLANG_WARN_DIRECT_OBJC_ISA_USAGE = YES_ERROR;
				CLANG_WARN_DOCUMENTATION_COMMENTS = YES;
				CLANG_WARN_EMPTY_BODY = YES;
				CLANG_WARN_ENUM_CONVERSION = YES;
				CLANG_WARN_INFINITE_RECURSION = YES;
				CLANG_WARN_INT_CONVERSION = YES;
				CLANG_WARN_OBJC_ROOT_CLASS = YES_ERROR;
				CLANG_WARN_SUSPICIOUS_MOVES = YES;
				CLANG_WARN_UNREACHABLE_CODE = YES;
				CLANG_WARN__DUPLICATE_METHOD_MATCH = YES;
				"CODE_SIGN_IDENTITY[sdk=iphoneos*]" = "iPhone Developer";
				COPY_PHASE_STRIP = NO;
				DEBUG_INFORMATION_FORMAT = dwarf;
				ENABLE_STRICT_OBJC_MSGSEND = YES;
				ENABLE_TESTABILITY = YES;
				GCC_C_LANGUAGE_STANDARD = gnu99;
				GCC_DYNAMIC_NO_PIC = NO;
				GCC_NO_COMMON_BLOCKS = YES;
				GCC_OPTIMIZATION_LEVEL = 0;
				GCC_PREPROCESSOR_DEFINITIONS = (
					"DEBUG=1",
					"$(inherited)",
				);
				GCC_WARN_64_TO_32_BIT_CONVERSION = YES;
				GCC_WARN_ABOUT_RETURN_TYPE = YES_ERROR;
				GCC_WARN_UNDECLARED_SELECTOR = YES;
				GCC_WARN_UNINITIALIZED_AUTOS = YES_AGGRESSIVE;
				GCC_WARN_UNUSED_FUNCTION = YES;
				GCC_WARN_UNUSED_VARIABLE = YES;
				IPHONEOS_DEPLOYMENT_TARGET = 10.0;
				MTL_ENABLE_DEBUG_INFO = YES;
				ONLY_ACTIVE_ARCH = YES;
				SDKROOT = iphoneos;
				SWIFT_ACTIVE_COMPILATION_CONDITIONS = DEBUG;
				SWIFT_OPTIMIZATION_LEVEL = "-Onone";
				TARGETED_DEVICE_FAMILY = "1,2";
			};
			name = Debug;
		};
		C42FD0B41D865D250057E87A /* Release */ = {
			isa = XCBuildConfiguration;
			buildSettings = {
				ALWAYS_SEARCH_USER_PATHS = NO;
				CLANG_ANALYZER_NONNULL = YES;
				CLANG_CXX_LANGUAGE_STANDARD = "gnu++0x";
				CLANG_CXX_LIBRARY = "libc++";
				CLANG_ENABLE_MODULES = YES;
				CLANG_ENABLE_OBJC_ARC = YES;
				CLANG_WARN_BOOL_CONVERSION = YES;
				CLANG_WARN_CONSTANT_CONVERSION = YES;
				CLANG_WARN_DIRECT_OBJC_ISA_USAGE = YES_ERROR;
				CLANG_WARN_DOCUMENTATION_COMMENTS = YES;
				CLANG_WARN_EMPTY_BODY = YES;
				CLANG_WARN_ENUM_CONVERSION = YES;
				CLANG_WARN_INFINITE_RECURSION = YES;
				CLANG_WARN_INT_CONVERSION = YES;
				CLANG_WARN_OBJC_ROOT_CLASS = YES_ERROR;
				CLANG_WARN_SUSPICIOUS_MOVES = YES;
				CLANG_WARN_UNREACHABLE_CODE = YES;
				CLANG_WARN__DUPLICATE_METHOD_MATCH = YES;
				"CODE_SIGN_IDENTITY[sdk=iphoneos*]" = "iPhone Developer";
				COPY_PHASE_STRIP = NO;
				DEBUG_INFORMATION_FORMAT = "dwarf-with-dsym";
				ENABLE_NS_ASSERTIONS = NO;
				ENABLE_STRICT_OBJC_MSGSEND = YES;
				GCC_C_LANGUAGE_STANDARD = gnu99;
				GCC_NO_COMMON_BLOCKS = YES;
				GCC_WARN_64_TO_32_BIT_CONVERSION = YES;
				GCC_WARN_ABOUT_RETURN_TYPE = YES_ERROR;
				GCC_WARN_UNDECLARED_SELECTOR = YES;
				GCC_WARN_UNINITIALIZED_AUTOS = YES_AGGRESSIVE;
				GCC_WARN_UNUSED_FUNCTION = YES;
				GCC_WARN_UNUSED_VARIABLE = YES;
				IPHONEOS_DEPLOYMENT_TARGET = 10.0;
				MTL_ENABLE_DEBUG_INFO = NO;
				SDKROOT = iphoneos;
				SWIFT_OPTIMIZATION_LEVEL = "-Owholemodule";
				TARGETED_DEVICE_FAMILY = "1,2";
				VALIDATE_PRODUCT = YES;
			};
			name = Release;
		};
		C42FD0B61D865D250057E87A /* Debug */ = {
			isa = XCBuildConfiguration;
			buildSettings = {
				ASSETCATALOG_COMPILER_APPICON_NAME = AppIcon;
				DEVELOPMENT_TEAM = K8633K44E8;
				INFOPLIST_FILE = Soundboard/Info.plist;
				LD_RUNPATH_SEARCH_PATHS = "$(inherited) @executable_path/Frameworks";
				PRODUCT_BUNDLE_IDENTIFIER = self.edu.diane.Soundboard;
				PRODUCT_NAME = "$(TARGET_NAME)";
				SWIFT_VERSION = 3.0;
			};
			name = Debug;
		};
		C42FD0B71D865D250057E87A /* Release */ = {
			isa = XCBuildConfiguration;
			buildSettings = {
				ASSETCATALOG_COMPILER_APPICON_NAME = AppIcon;
				DEVELOPMENT_TEAM = K8633K44E8;
				INFOPLIST_FILE = Soundboard/Info.plist;
				LD_RUNPATH_SEARCH_PATHS = "$(inherited) @executable_path/Frameworks";
				PRODUCT_BUNDLE_IDENTIFIER = self.edu.diane.Soundboard;
				PRODUCT_NAME = "$(TARGET_NAME)";
				SWIFT_VERSION = 3.0;
			};
			name = Release;
		};
/* End XCBuildConfiguration section */

/* Begin XCConfigurationList section */
		C42FD09B1D865D250057E87A /* Build configuration list for PBXProject "Soundboard" */ = {
			isa = XCConfigurationList;
			buildConfigurations = (
				C42FD0B31D865D250057E87A /* Debug */,
				C42FD0B41D865D250057E87A /* Release */,
			);
			defaultConfigurationIsVisible = 0;
			defaultConfigurationName = Release;
		};
		C42FD0B51D865D250057E87A /* Build configuration list for PBXNativeTarget "Soundboard" */ = {
			isa = XCConfigurationList;
			buildConfigurations = (
				C42FD0B61D865D250057E87A /* Debug */,
				C42FD0B71D865D250057E87A /* Release */,
			);
			defaultConfigurationIsVisible = 0;
		};
/* End XCConfigurationList section */

/* Begin XCVersionGroup section */
		C42FD0AA1D865D250057E87A /* Soundboard.xcdatamodeld */ = {
			isa = XCVersionGroup;
			children = (
				C42FD0AB1D865D250057E87A /* Soundboard.xcdatamodel */,
			);
			currentVersion = C42FD0AB1D865D250057E87A /* Soundboard.xcdatamodel */;
			path = Soundboard.xcdatamodeld;
			sourceTree = "<group>";
			versionGroupType = wrapper.xcdatamodel;
		};
/* End XCVersionGroup section */
	};
	rootObject = C42FD0981D865D250057E87A /* Project object */;
}
